
Microsoft Visual Studio Solution File, Format Version 12.00
# Visual Studio Version 17
VisualStudioVersion = 17.0.31903.59
MinimumVisualStudioVersion = 10.0.40219.1
Project("{FAE04EC0-301F-11D3-BF4B-00C04F79EFBC}") = "API", "API\API.csproj", "{2C348D6F-5224-4BCF-BF5E-DF3F7CD2C123}"
EndProject
Project("{FAE04EC0-301F-11D3-BF4B-00C04F79EFBC}") = "Core", "Core\Core.csproj", "{F378B8C0-7DD7-4670-ABB8-05CA53C52C60}"
EndProject
Project("{FAE04EC0-301F-11D3-BF4B-00C04F79EFBC}") = "Infra", "Infra\Infra.csproj", "{5CE564D9-35DC-47C2-B515-F528CDAAACD9}"
EndProject
Global
	GlobalSection(SolutionConfigurationPlatforms) = preSolution
		Debug|Any CPU = Debug|Any CPU
		Release|Any CPU = Release|Any CPU
	EndGlobalSection
	GlobalSection(SolutionProperties) = preSolution
		HideSolutionNode = FALSE
	EndGlobalSection
	GlobalSection(ProjectConfigurationPlatforms) = postSolution
		{2C348D6F-5224-4BCF-BF5E-DF3F7CD2C123}.Debug|Any CPU.ActiveCfg = Debug|Any CPU
		{2C348D6F-5224-4BCF-BF5E-DF3F7CD2C123}.Debug|Any CPU.Build.0 = Debug|Any CPU
		{2C348D6F-5224-4BCF-BF5E-DF3F7CD2C123}.Release|Any CPU.ActiveCfg = Release|Any CPU
		{2C348D6F-5224-4BCF-BF5E-DF3F7CD2C123}.Release|Any CPU.Build.0 = Release|Any CPU
		{F378B8C0-7DD7-4670-ABB8-05CA53C52C60}.Debug|Any CPU.ActiveCfg = Debug|Any CPU
		{F378B8C0-7DD7-4670-ABB8-05CA53C52C60}.Debug|Any CPU.Build.0 = Debug|Any CPU
		{F378B8C0-7DD7-4670-ABB8-05CA53C52C60}.Release|Any CPU.ActiveCfg = Release|Any CPU
		{F378B8C0-7DD7-4670-ABB8-05CA53C52C60}.Release|Any CPU.Build.0 = Release|Any CPU
		{5CE564D9-35DC-47C2-B515-F528CDAAACD9}.Debug|Any CPU.ActiveCfg = Debug|Any CPU
		{5CE564D9-35DC-47C2-B515-F528CDAAACD9}.Debug|Any CPU.Build.0 = Debug|Any CPU
		{5CE564D9-35DC-47C2-B515-F528CDAAACD9}.Release|Any CPU.ActiveCfg = Release|Any CPU
		{5CE564D9-35DC-47C2-B515-F528CDAAACD9}.Release|Any CPU.Build.0 = Release|Any CPU
	EndGlobalSection
EndGlobal
